
Microsoft Visual Studio Solution File, Format Version 12.00
# Visual Studio 14
VisualStudioVersion = 14.0.25420.1
MinimumVisualStudioVersion = 10.0.40219.1
Project("{FAE04EC0-301F-11D3-BF4B-00C04F79EFBC}") = "OrderManagement.MVC", "OrderManagement\OrderManagement.MVC.csproj", "{C53179DC-7F63-4223-88DA-E2D95B61D126}"
EndProject
Project("{FAE04EC0-301F-11D3-BF4B-00C04F79EFBC}") = "OrderManagement.Model", "OrderManagement.Model\OrderManagement.Model.csproj", "{AD1C7C3B-73AC-4FCF-A90C-71435DB7496B}"
EndProject
Project("{FAE04EC0-301F-11D3-BF4B-00C04F79EFBC}") = "OrderManagement.Data", "OrderManagement.Data\OrderManagement.Data.csproj", "{2AAFB7A3-898D-40AE-A3FF-224469EDFC11}"
EndProject
Project("{FAE04EC0-301F-11D3-BF4B-00C04F79EFBC}") = "OrderManagement.Service", "OrderManagement.Service\OrderManagement.Service.csproj", "{FE8A1D56-37F8-46EE-AD20-CF8CFBD219C7}"
EndProject
Global
	GlobalSection(SolutionConfigurationPlatforms) = preSolution
		Debug|Any CPU = Debug|Any CPU
		Release|Any CPU = Release|Any CPU
	EndGlobalSection
	GlobalSection(ProjectConfigurationPlatforms) = postSolution
		{C53179DC-7F63-4223-88DA-E2D95B61D126}.Debug|Any CPU.ActiveCfg = Debug|Any CPU
		{C53179DC-7F63-4223-88DA-E2D95B61D126}.Debug|Any CPU.Build.0 = Debug|Any CPU
		{C53179DC-7F63-4223-88DA-E2D95B61D126}.Release|Any CPU.ActiveCfg = Release|Any CPU
		{C53179DC-7F63-4223-88DA-E2D95B61D126}.Release|Any CPU.Build.0 = Release|Any CPU
		{AD1C7C3B-73AC-4FCF-A90C-71435DB7496B}.Debug|Any CPU.ActiveCfg = Debug|Any CPU
		{AD1C7C3B-73AC-4FCF-A90C-71435DB7496B}.Debug|Any CPU.Build.0 = Debug|Any CPU
		{AD1C7C3B-73AC-4FCF-A90C-71435DB7496B}.Release|Any CPU.ActiveCfg = Release|Any CPU
		{AD1C7C3B-73AC-4FCF-A90C-71435DB7496B}.Release|Any CPU.Build.0 = Release|Any CPU
		{2AAFB7A3-898D-40AE-A3FF-224469EDFC11}.Debug|Any CPU.ActiveCfg = Debug|Any CPU
		{2AAFB7A3-898D-40AE-A3FF-224469EDFC11}.Debug|Any CPU.Build.0 = Debug|Any CPU
		{2AAFB7A3-898D-40AE-A3FF-224469EDFC11}.Release|Any CPU.ActiveCfg = Release|Any CPU
		{2AAFB7A3-898D-40AE-A3FF-224469EDFC11}.Release|Any CPU.Build.0 = Release|Any CPU
		{FE8A1D56-37F8-46EE-AD20-CF8CFBD219C7}.Debug|Any CPU.ActiveCfg = Debug|Any CPU
		{FE8A1D56-37F8-46EE-AD20-CF8CFBD219C7}.Debug|Any CPU.Build.0 = Debug|Any CPU
		{FE8A1D56-37F8-46EE-AD20-CF8CFBD219C7}.Release|Any CPU.ActiveCfg = Release|Any CPU
		{FE8A1D56-37F8-46EE-AD20-CF8CFBD219C7}.Release|Any CPU.Build.0 = Release|Any CPU
	EndGlobalSection
	GlobalSection(SolutionProperties) = preSolution
		HideSolutionNode = FALSE
	EndGlobalSection
EndGlobal
